
Microsoft Visual Studio Solution File, Format Version 12.00
# Visual Studio Version 16
VisualStudioVersion = 16.0.31911.196
MinimumVisualStudioVersion = 10.0.40219.1
Project("{9A19103F-16F7-4668-BE54-9A1E7A4F7556}") = "ProStart3.Model", "ProStart3.Model.csproj", "{36C9DBB6-1A60-4EEB-B242-4B3A8B5BD231}"
EndProject
Project("{9A19103F-16F7-4668-BE54-9A1E7A4F7556}") = "ProStart3.DAO", "..\tb_userDAO\ProStart3.DAO.csproj", "{073534EC-2625-423B-816C-814C52AF79D0}"
EndProject
Project("{9A19103F-16F7-4668-BE54-9A1E7A4F7556}") = "ProStart3.Service", "..\tb_userServer\ProStart3.Service.csproj", "{A65F5280-7CD0-4B56-B5D8-18811A80869F}"
EndProject
Project("{9A19103F-16F7-4668-BE54-9A1E7A4F7556}") = "ProStart3Application", "..\ProStart3Application\ProStart3Application.csproj", "{9EFDA97F-08D6-4441-8F12-9456920091BB}"
EndProject
Global
	GlobalSection(SolutionConfigurationPlatforms) = preSolution
		Debug|Any CPU = Debug|Any CPU
		Release|Any CPU = Release|Any CPU
	EndGlobalSection
	GlobalSection(ProjectConfigurationPlatforms) = postSolution
		{36C9DBB6-1A60-4EEB-B242-4B3A8B5BD231}.Debug|Any CPU.ActiveCfg = Debug|Any CPU
		{36C9DBB6-1A60-4EEB-B242-4B3A8B5BD231}.Debug|Any CPU.Build.0 = Debug|Any CPU
		{36C9DBB6-1A60-4EEB-B242-4B3A8B5BD231}.Release|Any CPU.ActiveCfg = Release|Any CPU
		{36C9DBB6-1A60-4EEB-B242-4B3A8B5BD231}.Release|Any CPU.Build.0 = Release|Any CPU
		{073534EC-2625-423B-816C-814C52AF79D0}.Debug|Any CPU.ActiveCfg = Debug|Any CPU
		{073534EC-2625-423B-816C-814C52AF79D0}.Debug|Any CPU.Build.0 = Debug|Any CPU
		{073534EC-2625-423B-816C-814C52AF79D0}.Release|Any CPU.ActiveCfg = Release|Any CPU
		{073534EC-2625-423B-816C-814C52AF79D0}.Release|Any CPU.Build.0 = Release|Any CPU
		{A65F5280-7CD0-4B56-B5D8-18811A80869F}.Debug|Any CPU.ActiveCfg = Debug|Any CPU
		{A65F5280-7CD0-4B56-B5D8-18811A80869F}.Debug|Any CPU.Build.0 = Debug|Any CPU
		{A65F5280-7CD0-4B56-B5D8-18811A80869F}.Release|Any CPU.ActiveCfg = Release|Any CPU
		{A65F5280-7CD0-4B56-B5D8-18811A80869F}.Release|Any CPU.Build.0 = Release|Any CPU
		{9EFDA97F-08D6-4441-8F12-9456920091BB}.Debug|Any CPU.ActiveCfg = Debug|Any CPU
		{9EFDA97F-08D6-4441-8F12-9456920091BB}.Debug|Any CPU.Build.0 = Debug|Any CPU
		{9EFDA97F-08D6-4441-8F12-9456920091BB}.Release|Any CPU.ActiveCfg = Release|Any CPU
		{9EFDA97F-08D6-4441-8F12-9456920091BB}.Release|Any CPU.Build.0 = Release|Any CPU
	EndGlobalSection
	GlobalSection(SolutionProperties) = preSolution
		HideSolutionNode = FALSE
	EndGlobalSection
	GlobalSection(ExtensibilityGlobals) = postSolution
		SolutionGuid = {53256C1B-D90E-4B93-86B2-27ECA142E8B8}
	EndGlobalSection
EndGlobal
